
Microsoft Visual Studio Solution File, Format Version 12.00
# Visual Studio Version 16
VisualStudioVersion = 16.0.31624.102
MinimumVisualStudioVersion = 10.0.40219.1
Project("{9A19103F-16F7-4668-BE54-9A1E7A4F7556}") = "AHopeToDream", "AHopeToDream.csproj", "{C7F64BA7-4CA1-4710-8A4D-BFB9581168C2}"
EndProject
Global
	GlobalSection(SolutionConfigurationPlatforms) = preSolution
		Debug|Any CPU = Debug|Any CPU
		Release|Any CPU = Release|Any CPU
	EndGlobalSection
	GlobalSection(ProjectConfigurationPlatforms) = postSolution
		{C7F64BA7-4CA1-4710-8A4D-BFB9581168C2}.Debug|Any CPU.ActiveCfg = Debug|Any CPU
		{C7F64BA7-4CA1-4710-8A4D-BFB9581168C2}.Debug|Any CPU.Build.0 = Debug|Any CPU
		{C7F64BA7-4CA1-4710-8A4D-BFB9581168C2}.Release|Any CPU.ActiveCfg = Release|Any CPU
		{C7F64BA7-4CA1-4710-8A4D-BFB9581168C2}.Release|Any CPU.Build.0 = Release|Any CPU
	EndGlobalSection
	GlobalSection(SolutionProperties) = preSolution
		HideSolutionNode = FALSE
	EndGlobalSection
	GlobalSection(ExtensibilityGlobals) = postSolution
		SolutionGuid = {24736DC9-92F8-4D02-8014-37439A1613E2}
	EndGlobalSection
EndGlobal
